
Microsoft Visual Studio Solution File, Format Version 12.00
# Visual Studio Version 17
VisualStudioVersion = 17.2.32616.157
MinimumVisualStudioVersion = 10.0.40219.1
Project("{FAE04EC0-301F-11D3-BF4B-00C04F79EFBC}") = "ITacademy.CSharp.ConsoleApp", "ITacademy.CSharp.ConsoleApp\ITacademy.CSharp.ConsoleApp.csproj", "{C07EA99C-EC77-4296-8C4E-CA0D4A0DF4DC}"
EndProject
Global
	GlobalSection(SolutionConfigurationPlatforms) = preSolution
		Debug|Any CPU = Debug|Any CPU
		Release|Any CPU = Release|Any CPU
	EndGlobalSection
	GlobalSection(ProjectConfigurationPlatforms) = postSolution
		{C07EA99C-EC77-4296-8C4E-CA0D4A0DF4DC}.Debug|Any CPU.ActiveCfg = Debug|Any CPU
		{C07EA99C-EC77-4296-8C4E-CA0D4A0DF4DC}.Debug|Any CPU.Build.0 = Debug|Any CPU
		{C07EA99C-EC77-4296-8C4E-CA0D4A0DF4DC}.Release|Any CPU.ActiveCfg = Release|Any CPU
		{C07EA99C-EC77-4296-8C4E-CA0D4A0DF4DC}.Release|Any CPU.Build.0 = Release|Any CPU
	EndGlobalSection
	GlobalSection(SolutionProperties) = preSolution
		HideSolutionNode = FALSE
	EndGlobalSection
	GlobalSection(ExtensibilityGlobals) = postSolution
		SolutionGuid = {44B88C16-DB52-4CEF-9317-3BCE1038CAFC}
	EndGlobalSection
EndGlobal
