
Microsoft Visual Studio Solution File, Format Version 12.00
# Visual Studio Version 17
VisualStudioVersion = 17.2.32616.157
MinimumVisualStudioVersion = 10.0.40219.1
Project("{FAE04EC0-301F-11D3-BF4B-00C04F79EFBC}") = "ITacademy.CSharp.ConsoleApp", "ITacademy.CSharp.ConsoleApp\ITacademy.CSharp.ConsoleApp.csproj", "{C07EA99C-EC77-4296-8C4E-CA0D4A0DF4DC}"
EndProject
Project("{FAE04EC0-301F-11D3-BF4B-00C04F79EFBC}") = "ITacademy.CSharp.WpfApplication", "ITacademy.CSharp.WpfApplication\ITacademy.CSharp.WpfApplication.csproj", "{0E3A7417-A218-47C6-882A-51DE2FA22379}"
EndProject
Project("{FAE04EC0-301F-11D3-BF4B-00C04F79EFBC}") = "ITacademy.CSharp.SquareRoots", "ITacademy.CSharp.SquareRoots\ITacademy.CSharp.SquareRoots.csproj", "{7BEBD6BB-88F9-467A-A914-3A7DE072F47F}"
EndProject
Project("{FAE04EC0-301F-11D3-BF4B-00C04F79EFBC}") = "ITacademy.CSharp.GCDalgorithms", "ITacademy.CSharp.GCDalgorithms\ITacademy.CSharp.GCDalgorithms.csproj", "{097BB6E8-CF02-4B59-8B2E-859E77B744A1}"
EndProject
Project("{FAE04EC0-301F-11D3-BF4B-00C04F79EFBC}") = "ITacademy.CSharp.GCDTestProject", "ITacademy.CSharp.GCDTestProject\ITacademy.CSharp.GCDTestProject.csproj", "{7F7A0424-D74D-4EAF-9CE4-97E3A44BD563}"
EndProject
Project("{FAE04EC0-301F-11D3-BF4B-00C04F79EFBC}") = "ITacademy.CSharp.Failsafe", "ITacademy.CSharp.Failsafe\ITacademy.CSharp.Failsafe.csproj", "{DE751218-6927-4EAD-B4CA-399D3535345F}"
EndProject
Project("{FAE04EC0-301F-11D3-BF4B-00C04F79EFBC}") = "ITacademy.CSharp.SwitchDevice", "ITacademy.CSharp.SwitchDevice\ITacademy.CSharp.SwitchDevice.csproj", "{450DD0D1-3A08-4A32-A374-5503C8DB63A0}"
EndProject
Project("{FAE04EC0-301F-11D3-BF4B-00C04F79EFBC}") = "ITacademy.CSharp.MatrixMultiplication", "ITacademy.CSharp.MatrixMultiplication\ITacademy.CSharp.MatrixMultiplication.csproj", "{63AA04AF-1914-4FE6-BBB9-B521EBD20081}"
EndProject
Project("{FAE04EC0-301F-11D3-BF4B-00C04F79EFBC}") = "ITacademy.CSharp.MatrixUnitTestProject", "ITacademy.CSharp.MatrixUnitTestProject\ITacademy.CSharp.MatrixUnitTestProject.csproj", "{6495E971-784F-4AD8-8ECD-82854C0F9B1F}"
EndProject
Global
	GlobalSection(SolutionConfigurationPlatforms) = preSolution
		Debug|Any CPU = Debug|Any CPU
		Release|Any CPU = Release|Any CPU
	EndGlobalSection
	GlobalSection(ProjectConfigurationPlatforms) = postSolution
		{C07EA99C-EC77-4296-8C4E-CA0D4A0DF4DC}.Debug|Any CPU.ActiveCfg = Debug|Any CPU
		{C07EA99C-EC77-4296-8C4E-CA0D4A0DF4DC}.Debug|Any CPU.Build.0 = Debug|Any CPU
		{C07EA99C-EC77-4296-8C4E-CA0D4A0DF4DC}.Release|Any CPU.ActiveCfg = Release|Any CPU
		{C07EA99C-EC77-4296-8C4E-CA0D4A0DF4DC}.Release|Any CPU.Build.0 = Release|Any CPU
		{0E3A7417-A218-47C6-882A-51DE2FA22379}.Debug|Any CPU.ActiveCfg = Debug|Any CPU
		{0E3A7417-A218-47C6-882A-51DE2FA22379}.Debug|Any CPU.Build.0 = Debug|Any CPU
		{0E3A7417-A218-47C6-882A-51DE2FA22379}.Release|Any CPU.ActiveCfg = Release|Any CPU
		{0E3A7417-A218-47C6-882A-51DE2FA22379}.Release|Any CPU.Build.0 = Release|Any CPU
		{7BEBD6BB-88F9-467A-A914-3A7DE072F47F}.Debug|Any CPU.ActiveCfg = Debug|Any CPU
		{7BEBD6BB-88F9-467A-A914-3A7DE072F47F}.Debug|Any CPU.Build.0 = Debug|Any CPU
		{7BEBD6BB-88F9-467A-A914-3A7DE072F47F}.Release|Any CPU.ActiveCfg = Release|Any CPU
		{7BEBD6BB-88F9-467A-A914-3A7DE072F47F}.Release|Any CPU.Build.0 = Release|Any CPU
		{097BB6E8-CF02-4B59-8B2E-859E77B744A1}.Debug|Any CPU.ActiveCfg = Debug|Any CPU
		{097BB6E8-CF02-4B59-8B2E-859E77B744A1}.Debug|Any CPU.Build.0 = Debug|Any CPU
		{097BB6E8-CF02-4B59-8B2E-859E77B744A1}.Release|Any CPU.ActiveCfg = Release|Any CPU
		{097BB6E8-CF02-4B59-8B2E-859E77B744A1}.Release|Any CPU.Build.0 = Release|Any CPU
		{7F7A0424-D74D-4EAF-9CE4-97E3A44BD563}.Debug|Any CPU.ActiveCfg = Debug|Any CPU
		{7F7A0424-D74D-4EAF-9CE4-97E3A44BD563}.Debug|Any CPU.Build.0 = Debug|Any CPU
		{7F7A0424-D74D-4EAF-9CE4-97E3A44BD563}.Release|Any CPU.ActiveCfg = Release|Any CPU
		{7F7A0424-D74D-4EAF-9CE4-97E3A44BD563}.Release|Any CPU.Build.0 = Release|Any CPU
		{DE751218-6927-4EAD-B4CA-399D3535345F}.Debug|Any CPU.ActiveCfg = Debug|Any CPU
		{DE751218-6927-4EAD-B4CA-399D3535345F}.Debug|Any CPU.Build.0 = Debug|Any CPU
		{DE751218-6927-4EAD-B4CA-399D3535345F}.Release|Any CPU.ActiveCfg = Release|Any CPU
		{DE751218-6927-4EAD-B4CA-399D3535345F}.Release|Any CPU.Build.0 = Release|Any CPU
		{450DD0D1-3A08-4A32-A374-5503C8DB63A0}.Debug|Any CPU.ActiveCfg = Debug|Any CPU
		{450DD0D1-3A08-4A32-A374-5503C8DB63A0}.Debug|Any CPU.Build.0 = Debug|Any CPU
		{450DD0D1-3A08-4A32-A374-5503C8DB63A0}.Release|Any CPU.ActiveCfg = Release|Any CPU
		{450DD0D1-3A08-4A32-A374-5503C8DB63A0}.Release|Any CPU.Build.0 = Release|Any CPU
		{63AA04AF-1914-4FE6-BBB9-B521EBD20081}.Debug|Any CPU.ActiveCfg = Debug|Any CPU
		{63AA04AF-1914-4FE6-BBB9-B521EBD20081}.Debug|Any CPU.Build.0 = Debug|Any CPU
		{63AA04AF-1914-4FE6-BBB9-B521EBD20081}.Release|Any CPU.ActiveCfg = Release|Any CPU
		{63AA04AF-1914-4FE6-BBB9-B521EBD20081}.Release|Any CPU.Build.0 = Release|Any CPU
		{6495E971-784F-4AD8-8ECD-82854C0F9B1F}.Debug|Any CPU.ActiveCfg = Debug|Any CPU
		{6495E971-784F-4AD8-8ECD-82854C0F9B1F}.Debug|Any CPU.Build.0 = Debug|Any CPU
		{6495E971-784F-4AD8-8ECD-82854C0F9B1F}.Release|Any CPU.ActiveCfg = Release|Any CPU
		{6495E971-784F-4AD8-8ECD-82854C0F9B1F}.Release|Any CPU.Build.0 = Release|Any CPU
	EndGlobalSection
	GlobalSection(SolutionProperties) = preSolution
		HideSolutionNode = FALSE
	EndGlobalSection
	GlobalSection(ExtensibilityGlobals) = postSolution
		SolutionGuid = {44B88C16-DB52-4CEF-9317-3BCE1038CAFC}
	EndGlobalSection
EndGlobal
