
Microsoft Visual Studio Solution File, Format Version 12.00
# Visual Studio Version 17
VisualStudioVersion = 17.3.32929.385
MinimumVisualStudioVersion = 10.0.40219.1
Project("{FAE04EC0-301F-11D3-BF4B-00C04F79EFBC}") = "ITAcademy.CSharp.BinaryTree", "ITAcademy.CSharp.BinaryTree\ITAcademy.CSharp.BinaryTree.csproj", "{580050CD-380B-410A-8538-BC87CCB3952C}"
EndProject
Project("{FAE04EC0-301F-11D3-BF4B-00C04F79EFBC}") = "ITAcademy.CSharp.TestHarness", "ITAcademy.CSharp.TestHarness\ITAcademy.CSharp.TestHarness.csproj", "{D6A9513B-5785-4A23-9728-A87EF5307353}"
EndProject
Project("{FAE04EC0-301F-11D3-BF4B-00C04F79EFBC}") = "ITAcademy.CSharp.TestGenerics", "ITAcademy.CSharp.TestGenerics\ITAcademy.CSharp.TestGenerics.csproj", "{296BBC56-C037-4D85-B55C-77E893983E6B}"
EndProject
Global
	GlobalSection(SolutionConfigurationPlatforms) = preSolution
		Debug|Any CPU = Debug|Any CPU
		Release|Any CPU = Release|Any CPU
	EndGlobalSection
	GlobalSection(ProjectConfigurationPlatforms) = postSolution
		{580050CD-380B-410A-8538-BC87CCB3952C}.Debug|Any CPU.ActiveCfg = Debug|Any CPU
		{580050CD-380B-410A-8538-BC87CCB3952C}.Debug|Any CPU.Build.0 = Debug|Any CPU
		{580050CD-380B-410A-8538-BC87CCB3952C}.Release|Any CPU.ActiveCfg = Release|Any CPU
		{580050CD-380B-410A-8538-BC87CCB3952C}.Release|Any CPU.Build.0 = Release|Any CPU
		{D6A9513B-5785-4A23-9728-A87EF5307353}.Debug|Any CPU.ActiveCfg = Debug|Any CPU
		{D6A9513B-5785-4A23-9728-A87EF5307353}.Debug|Any CPU.Build.0 = Debug|Any CPU
		{D6A9513B-5785-4A23-9728-A87EF5307353}.Release|Any CPU.ActiveCfg = Release|Any CPU
		{D6A9513B-5785-4A23-9728-A87EF5307353}.Release|Any CPU.Build.0 = Release|Any CPU
		{296BBC56-C037-4D85-B55C-77E893983E6B}.Debug|Any CPU.ActiveCfg = Debug|Any CPU
		{296BBC56-C037-4D85-B55C-77E893983E6B}.Debug|Any CPU.Build.0 = Debug|Any CPU
		{296BBC56-C037-4D85-B55C-77E893983E6B}.Release|Any CPU.ActiveCfg = Release|Any CPU
		{296BBC56-C037-4D85-B55C-77E893983E6B}.Release|Any CPU.Build.0 = Release|Any CPU
	EndGlobalSection
	GlobalSection(SolutionProperties) = preSolution
		HideSolutionNode = FALSE
	EndGlobalSection
	GlobalSection(ExtensibilityGlobals) = postSolution
		SolutionGuid = {AE5A8FCF-7DA2-4F8F-8488-A5370A36E5E6}
	EndGlobalSection
EndGlobal
