
Microsoft Visual Studio Solution File, Format Version 12.00
# Visual Studio Version 17
VisualStudioVersion = 17.0.31903.59
MinimumVisualStudioVersion = 10.0.40219.1
Project("{FAE04EC0-301F-11D3-BF4B-00C04F79EFBC}") = "DAL", "DAL\DAL.csproj", "{F715FD1C-FC68-40CC-AA5C-B80002A58564}"
EndProject
Project("{FAE04EC0-301F-11D3-BF4B-00C04F79EFBC}") = "DatabaseTester", "DatabaseTester\DatabaseTester.csproj", "{D5C94EA5-A3E4-4AC4-BEB2-DFBDF76EC007}"
EndProject
Global
	GlobalSection(SolutionConfigurationPlatforms) = preSolution
		Debug|Any CPU = Debug|Any CPU
		Release|Any CPU = Release|Any CPU
	EndGlobalSection
	GlobalSection(SolutionProperties) = preSolution
		HideSolutionNode = FALSE
	EndGlobalSection
	GlobalSection(ProjectConfigurationPlatforms) = postSolution
		{F715FD1C-FC68-40CC-AA5C-B80002A58564}.Debug|Any CPU.ActiveCfg = Debug|Any CPU
		{F715FD1C-FC68-40CC-AA5C-B80002A58564}.Debug|Any CPU.Build.0 = Debug|Any CPU
		{F715FD1C-FC68-40CC-AA5C-B80002A58564}.Release|Any CPU.ActiveCfg = Release|Any CPU
		{F715FD1C-FC68-40CC-AA5C-B80002A58564}.Release|Any CPU.Build.0 = Release|Any CPU
		{D5C94EA5-A3E4-4AC4-BEB2-DFBDF76EC007}.Debug|Any CPU.ActiveCfg = Debug|Any CPU
		{D5C94EA5-A3E4-4AC4-BEB2-DFBDF76EC007}.Debug|Any CPU.Build.0 = Debug|Any CPU
		{D5C94EA5-A3E4-4AC4-BEB2-DFBDF76EC007}.Release|Any CPU.ActiveCfg = Release|Any CPU
		{D5C94EA5-A3E4-4AC4-BEB2-DFBDF76EC007}.Release|Any CPU.Build.0 = Release|Any CPU
	EndGlobalSection
EndGlobal
