
Microsoft Visual Studio Solution File, Format Version 12.00
# Visual Studio Version 17
VisualStudioVersion = 17.2.32616.157
MinimumVisualStudioVersion = 10.0.40219.1
Project("{FAE04EC0-301F-11D3-BF4B-00C04F79EFBC}") = "ITAcademy.CSharp.Enumerations", "ITAcademy.CSharp.Enumerations\ITAcademy.CSharp.Enumerations.csproj", "{11C4535A-6263-492D-B789-7D8A744EA91F}"
EndProject
Project("{FAE04EC0-301F-11D3-BF4B-00C04F79EFBC}") = "ITAcademy.CSharp.StressTest", "ITAcademy.CSharp.StressTest\ITAcademy.CSharp.StressTest.csproj", "{AEE12664-DCF6-494D-9ED6-6D0D9805F066}"
EndProject
Global
	GlobalSection(SolutionConfigurationPlatforms) = preSolution
		Debug|Any CPU = Debug|Any CPU
		Release|Any CPU = Release|Any CPU
	EndGlobalSection
	GlobalSection(ProjectConfigurationPlatforms) = postSolution
		{11C4535A-6263-492D-B789-7D8A744EA91F}.Debug|Any CPU.ActiveCfg = Debug|Any CPU
		{11C4535A-6263-492D-B789-7D8A744EA91F}.Debug|Any CPU.Build.0 = Debug|Any CPU
		{11C4535A-6263-492D-B789-7D8A744EA91F}.Release|Any CPU.ActiveCfg = Release|Any CPU
		{11C4535A-6263-492D-B789-7D8A744EA91F}.Release|Any CPU.Build.0 = Release|Any CPU
		{AEE12664-DCF6-494D-9ED6-6D0D9805F066}.Debug|Any CPU.ActiveCfg = Debug|Any CPU
		{AEE12664-DCF6-494D-9ED6-6D0D9805F066}.Debug|Any CPU.Build.0 = Debug|Any CPU
		{AEE12664-DCF6-494D-9ED6-6D0D9805F066}.Release|Any CPU.ActiveCfg = Release|Any CPU
		{AEE12664-DCF6-494D-9ED6-6D0D9805F066}.Release|Any CPU.Build.0 = Release|Any CPU
	EndGlobalSection
	GlobalSection(SolutionProperties) = preSolution
		HideSolutionNode = FALSE
	EndGlobalSection
	GlobalSection(ExtensibilityGlobals) = postSolution
		SolutionGuid = {5DB7B002-CA52-4328-95BB-9C3B75166B93}
	EndGlobalSection
EndGlobal
