
Microsoft Visual Studio Solution File, Format Version 12.00
# Visual Studio Version 17
VisualStudioVersion = 17.2.32616.157
MinimumVisualStudioVersion = 10.0.40219.1
Project("{FAE04EC0-301F-11D3-BF4B-00C04F79EFBC}") = "ITAcademy.CSharp.StressTestAnalyzerTest", "ITAcademy.CSharp.DataAnalyzerTest\ITAcademy.CSharp.StressTestAnalyzerTest.csproj", "{518424EA-44B6-4281-911D-68FA0636B054}"
EndProject
Project("{FAE04EC0-301F-11D3-BF4B-00C04F79EFBC}") = "ITAcademy.CSharp.StressDataAnalyzer", "ITAcademy.CSharp.DataAnalyzer\ITAcademy.CSharp.StressDataAnalyzer.csproj", "{F3D92195-EDF8-4065-8117-0A346FFC5864}"
EndProject
Global
	GlobalSection(SolutionConfigurationPlatforms) = preSolution
		Debug|Any CPU = Debug|Any CPU
		Release|Any CPU = Release|Any CPU
	EndGlobalSection
	GlobalSection(ProjectConfigurationPlatforms) = postSolution
		{518424EA-44B6-4281-911D-68FA0636B054}.Debug|Any CPU.ActiveCfg = Debug|Any CPU
		{518424EA-44B6-4281-911D-68FA0636B054}.Debug|Any CPU.Build.0 = Debug|Any CPU
		{518424EA-44B6-4281-911D-68FA0636B054}.Release|Any CPU.ActiveCfg = Release|Any CPU
		{518424EA-44B6-4281-911D-68FA0636B054}.Release|Any CPU.Build.0 = Release|Any CPU
		{F3D92195-EDF8-4065-8117-0A346FFC5864}.Debug|Any CPU.ActiveCfg = Debug|Any CPU
		{F3D92195-EDF8-4065-8117-0A346FFC5864}.Debug|Any CPU.Build.0 = Debug|Any CPU
		{F3D92195-EDF8-4065-8117-0A346FFC5864}.Release|Any CPU.ActiveCfg = Release|Any CPU
		{F3D92195-EDF8-4065-8117-0A346FFC5864}.Release|Any CPU.Build.0 = Release|Any CPU
	EndGlobalSection
	GlobalSection(SolutionProperties) = preSolution
		HideSolutionNode = FALSE
	EndGlobalSection
	GlobalSection(ExtensibilityGlobals) = postSolution
		SolutionGuid = {588DE405-2544-49B2-9CB7-428E0D43F15B}
	EndGlobalSection
EndGlobal
