
Microsoft Visual Studio Solution File, Format Version 12.00
# Visual Studio Version 17
VisualStudioVersion = 17.2.32616.157
MinimumVisualStudioVersion = 10.0.40219.1
Project("{FAE04EC0-301F-11D3-BF4B-00C04F79EFBC}") = "ITAcademy.CSharp.GenerateStressTestData", "ITAcademy.CSharp.GenerateStressTestData\ITAcademy.CSharp.GenerateStressTestData.csproj", "{2B0ED95F-5992-4EBC-9FB1-6038D69D1BE2}"
EndProject
Global
	GlobalSection(SolutionConfigurationPlatforms) = preSolution
		Debug|Any CPU = Debug|Any CPU
		Release|Any CPU = Release|Any CPU
	EndGlobalSection
	GlobalSection(ProjectConfigurationPlatforms) = postSolution
		{2B0ED95F-5992-4EBC-9FB1-6038D69D1BE2}.Debug|Any CPU.ActiveCfg = Debug|Any CPU
		{2B0ED95F-5992-4EBC-9FB1-6038D69D1BE2}.Debug|Any CPU.Build.0 = Debug|Any CPU
		{2B0ED95F-5992-4EBC-9FB1-6038D69D1BE2}.Release|Any CPU.ActiveCfg = Release|Any CPU
		{2B0ED95F-5992-4EBC-9FB1-6038D69D1BE2}.Release|Any CPU.Build.0 = Release|Any CPU
	EndGlobalSection
	GlobalSection(SolutionProperties) = preSolution
		HideSolutionNode = FALSE
	EndGlobalSection
	GlobalSection(ExtensibilityGlobals) = postSolution
		SolutionGuid = {607C0AD3-C07E-4251-B877-2F89FF25FA47}
	EndGlobalSection
EndGlobal
